# THIS IS AN AUTOGENERATED FILE. DO NOT EDIT THIS FILE DIRECTLY.
# yarn lockfile v1


"@types/echarts@^4.9.3":
  version "4.9.3"
  resolved "https://registry.npm.taobao.org/@types/echarts/download/@types/echarts-4.9.3.tgz?cache=0&sync_timestamp=1608263940348&other_urls=https%3A%2F%2Fregistry.npm.taobao.org%2F%40types%2Fecharts%2Fdownload%2F%40types%2Fecharts-4.9.3.tgz#8a143cf315f6ae88d0778d75a133b378974d37d5"
  integrity sha1-ihQ88xX2rojQd411oTOzeJdNN9U=
  dependencies:
    "@types/zrender" "*"

"@types/zrender@*":
  version "4.0.0"
  resolved "https://registry.npm.taobao.org/@types/zrender/download/@types/zrender-4.0.0.tgz?cache=0&sync_timestamp=1605057466822&other_urls=https%3A%2F%2Fregistry.npm.taobao.org%2F%40types%2Fzrender%2Fdownload%2F%40types%2Fzrender-4.0.0.tgz#a6806f12ec4eccaaebd9b0d816f049aca6188fbd"
  integrity sha1-poBvEuxOzKrr2bDYFvBJrKYYj70=

echarts@4.7.0:
  version "4.7.0"
  resolved "https://registry.npm.taobao.org/echarts/download/echarts-4.7.0.tgz?cache=0&sync_timestamp=1606890675689&other_urls=https%3A%2F%2Fregistry.npm.taobao.org%2Fecharts%2Fdownload%2Fecharts-4.7.0.tgz#5b3875a4c2f91e3929425fabab9eace7e4098b3f"
  integrity sha1-Wzh1pML5HjkpQl+rq56s5+QJiz8=
  dependencies:
    zrender "4.3.0"

zrender@4.3.0:
  version "4.3.0"
  resolved "https://registry.npm.taobao.org/zrender/download/zrender-4.3.0.tgz?cache=0&sync_timestamp=1605884445437&other_urls=https%3A%2F%2Fregistry.npm.taobao.org%2Fzrender%2Fdownload%2Fzrender-4.3.0.tgz#9f056121b20bbae44414d287bf6a119ff7042661"
  integrity sha1-nwVhIbILuuREFNKHv2oRn/cEJmE=
